// !$*UTF8*$!
{
	archiveVersion = 1;
	classes = {
	};
	objectVersion = 56;
	objects = {

/* Begin PBXBuildFile section */
		8969A7D92866F2D900B478C6 /* PrefKeyTestsApp.swift in Sources */ = {isa = PBXBuildFile; fileRef = 8969A7D82866F2D900B478C6 /* PrefKeyTestsApp.swift */; };
		8969A7DB2866F2D900B478C6 /* ContentView.swift in Sources */ = {isa = PBXBuildFile; fileRef = 8969A7DA2866F2D900B478C6 /* ContentView.swift */; };
		8969A7DD2866F2DB00B478C6 /* Assets.xcassets in Resources */ = {isa = PBXBuildFile; fileRef = 8969A7DC2866F2DB00B478C6 /* Assets.xcassets */; };
		8969A7E02866F2DB00B478C6 /* Preview Assets.xcassets in Resources */ = {isa = PBXBuildFile; fileRef = 8969A7DF2866F2DB00B478C6 /* Preview Assets.xcassets */; };
		8969A7EA2866F2DC00B478C6 /* PrefKeyTestsTests.swift in Sources */ = {isa = PBXBuildFile; fileRef = 8969A7E92866F2DC00B478C6 /* PrefKeyTestsTests.swift */; };
		8969A7F42866F2DC00B478C6 /* PrefKeyTestsUITests.swift in Sources */ = {isa = PBXBuildFile; fileRef = 8969A7F32866F2DC00B478C6 /* PrefKeyTestsUITests.swift */; };
		8969A7F62866F2DC00B478C6 /* PrefKeyTestsUITestsLaunchTests.swift in Sources */ = {isa = PBXBuildFile; fileRef = 8969A7F52866F2DC00B478C6 /* PrefKeyTestsUITestsLaunchTests.swift */; };
		8969A8032866F9E500B478C6 /* MyTextPreferenceData.swift in Sources */ = {isa = PBXBuildFile; fileRef = 8969A8022866F9E500B478C6 /* MyTextPreferenceData.swift */; };
		8990265D286745A200F99AC9 /* MyViewType.swift in Sources */ = {isa = PBXBuildFile; fileRef = 8990265C286745A200F99AC9 /* MyViewType.swift */; };
		8990265F2867461E00F99AC9 /* NestedViewsPreference.swift in Sources */ = {isa = PBXBuildFile; fileRef = 8990265E2867461E00F99AC9 /* NestedViewsPreference.swift */; };
		899026612867476E00F99AC9 /* NestedFormField.swift in Sources */ = {isa = PBXBuildFile; fileRef = 899026602867476E00F99AC9 /* NestedFormField.swift */; };
		899026632867488E00F99AC9 /* NestedContentView.swift in Sources */ = {isa = PBXBuildFile; fileRef = 899026622867488E00F99AC9 /* NestedContentView.swift */; };
		8990266528674B2000F99AC9 /* MiniMap.swift in Sources */ = {isa = PBXBuildFile; fileRef = 8990266428674B2000F99AC9 /* MiniMap.swift */; };
/* End PBXBuildFile section */

/* Begin PBXContainerItemProxy section */
		8969A7E62866F2DC00B478C6 /* PBXContainerItemProxy */ = {
			isa = PBXContainerItemProxy;
			containerPortal = 8969A7CD2866F2D900B478C6 /* Project object */;
			proxyType = 1;
			remoteGlobalIDString = 8969A7D42866F2D900B478C6;
			remoteInfo = PrefKeyTests;
		};
		8969A7F02866F2DC00B478C6 /* PBXContainerItemProxy */ = {
			isa = PBXContainerItemProxy;
			containerPortal = 8969A7CD2866F2D900B478C6 /* Project object */;
			proxyType = 1;
			remoteGlobalIDString = 8969A7D42866F2D900B478C6;
			remoteInfo = PrefKeyTests;
		};
/* End PBXContainerItemProxy section */

/* Begin PBXFileReference section */
		8969A7D52866F2D900B478C6 /* PrefKeyTests.app */ = {isa = PBXFileReference; explicitFileType = wrapper.application; includeInIndex = 0; path = PrefKeyTests.app; sourceTree = BUILT_PRODUCTS_DIR; };
		8969A7D82866F2D900B478C6 /* PrefKeyTestsApp.swift */ = {isa = PBXFileReference; lastKnownFileType = sourcecode.swift; path = PrefKeyTestsApp.swift; sourceTree = "<group>"; };
		8969A7DA2866F2D900B478C6 /* ContentView.swift */ = {isa = PBXFileReference; lastKnownFileType = sourcecode.swift; path = ContentView.swift; sourceTree = "<group>"; };
		8969A7DC2866F2DB00B478C6 /* Assets.xcassets */ = {isa = PBXFileReference; lastKnownFileType = folder.assetcatalog; path = Assets.xcassets; sourceTree = "<group>"; };
		8969A7DF2866F2DB00B478C6 /* Preview Assets.xcassets */ = {isa = PBXFileReference; lastKnownFileType = folder.assetcatalog; path = "Preview Assets.xcassets"; sourceTree = "<group>"; };
		8969A7E52866F2DC00B478C6 /* PrefKeyTestsTests.xctest */ = {isa = PBXFileReference; explicitFileType = wrapper.cfbundle; includeInIndex = 0; path = PrefKeyTestsTests.xctest; sourceTree = BUILT_PRODUCTS_DIR; };
		8969A7E92866F2DC00B478C6 /* PrefKeyTestsTests.swift */ = {isa = PBXFileReference; lastKnownFileType = sourcecode.swift; path = PrefKeyTestsTests.swift; sourceTree = "<group>"; };
		8969A7EF2866F2DC00B478C6 /* PrefKeyTestsUITests.xctest */ = {isa = PBXFileReference; explicitFileType = wrapper.cfbundle; includeInIndex = 0; path = PrefKeyTestsUITests.xctest; sourceTree = BUILT_PRODUCTS_DIR; };
		8969A7F32866F2DC00B478C6 /* PrefKeyTestsUITests.swift */ = {isa = PBXFileReference; lastKnownFileType = sourcecode.swift; path = PrefKeyTestsUITests.swift; sourceTree = "<group>"; };
		8969A7F52866F2DC00B478C6 /* PrefKeyTestsUITestsLaunchTests.swift */ = {isa = PBXFileReference; lastKnownFileType = sourcecode.swift; path = PrefKeyTestsUITestsLaunchTests.swift; sourceTree = "<group>"; };
		8969A8022866F9E500B478C6 /* MyTextPreferenceData.swift */ = {isa = PBXFileReference; lastKnownFileType = sourcecode.swift; path = MyTextPreferenceData.swift; sourceTree = "<group>"; };
		8990265C286745A200F99AC9 /* MyViewType.swift */ = {isa = PBXFileReference; lastKnownFileType = sourcecode.swift; path = MyViewType.swift; sourceTree = "<group>"; };
		8990265E2867461E00F99AC9 /* NestedViewsPreference.swift */ = {isa = PBXFileReference; lastKnownFileType = sourcecode.swift; path = NestedViewsPreference.swift; sourceTree = "<group>"; };
		899026602867476E00F99AC9 /* NestedFormField.swift */ = {isa = PBXFileReference; lastKnownFileType = sourcecode.swift; path = NestedFormField.swift; sourceTree = "<group>"; };
		899026622867488E00F99AC9 /* NestedContentView.swift */ = {isa = PBXFileReference; lastKnownFileType = sourcecode.swift; path = NestedContentView.swift; sourceTree = "<group>"; };
		8990266428674B2000F99AC9 /* MiniMap.swift */ = {isa = PBXFileReference; lastKnownFileType = sourcecode.swift; path = MiniMap.swift; sourceTree = "<group>"; };
/* End PBXFileReference section */

/* Begin PBXFrameworksBuildPhase section */
		8969A7D22866F2D900B478C6 /* Frameworks */ = {
			isa = PBXFrameworksBuildPhase;
			buildActionMask = 2147483647;
			files = (
			);
			runOnlyForDeploymentPostprocessing = 0;
		};
		8969A7E22866F2DC00B478C6 /* Frameworks */ = {
			isa = PBXFrameworksBuildPhase;
			buildActionMask = 2147483647;
			files = (
			);
			runOnlyForDeploymentPostprocessing = 0;
		};
		8969A7EC2866F2DC00B478C6 /* Frameworks */ = {
			isa = PBXFrameworksBuildPhase;
			buildActionMask = 2147483647;
			files = (
			);
			runOnlyForDeploymentPostprocessing = 0;
		};
/* End PBXFrameworksBuildPhase section */

/* Begin PBXGroup section */
		8969A7CC2866F2D900B478C6 = {
			isa = PBXGroup;
			children = (
				8969A7D72866F2D900B478C6 /* PrefKeyTests */,
				8969A7E82866F2DC00B478C6 /* PrefKeyTestsTests */,
				8969A7F22866F2DC00B478C6 /* PrefKeyTestsUITests */,
				8969A7D62866F2D900B478C6 /* Products */,
			);
			sourceTree = "<group>";
		};
		8969A7D62866F2D900B478C6 /* Products */ = {
			isa = PBXGroup;
			children = (
				8969A7D52866F2D900B478C6 /* PrefKeyTests.app */,
				8969A7E52866F2DC00B478C6 /* PrefKeyTestsTests.xctest */,
				8969A7EF2866F2DC00B478C6 /* PrefKeyTestsUITests.xctest */,
			);
			name = Products;
			sourceTree = "<group>";
		};
		8969A7D72866F2D900B478C6 /* PrefKeyTests */ = {
			isa = PBXGroup;
			children = (
				8990265B2867458300F99AC9 /* Nested Views */,
				8969A7D82866F2D900B478C6 /* PrefKeyTestsApp.swift */,
				8969A7DA2866F2D900B478C6 /* ContentView.swift */,
				8969A7DC2866F2DB00B478C6 /* Assets.xcassets */,
				8969A7DE2866F2DB00B478C6 /* Preview Content */,
				8969A8022866F9E500B478C6 /* MyTextPreferenceData.swift */,
			);
			path = PrefKeyTests;
			sourceTree = "<group>";
		};
		8969A7DE2866F2DB00B478C6 /* Preview Content */ = {
			isa = PBXGroup;
			children = (
				8969A7DF2866F2DB00B478C6 /* Preview Assets.xcassets */,
			);
			path = "Preview Content";
			sourceTree = "<group>";
		};
		8969A7E82866F2DC00B478C6 /* PrefKeyTestsTests */ = {
			isa = PBXGroup;
			children = (
				8969A7E92866F2DC00B478C6 /* PrefKeyTestsTests.swift */,
			);
			path = PrefKeyTestsTests;
			sourceTree = "<group>";
		};
		8969A7F22866F2DC00B478C6 /* PrefKeyTestsUITests */ = {
			isa = PBXGroup;
			children = (
				8969A7F32866F2DC00B478C6 /* PrefKeyTestsUITests.swift */,
				8969A7F52866F2DC00B478C6 /* PrefKeyTestsUITestsLaunchTests.swift */,
			);
			path = PrefKeyTestsUITests;
			sourceTree = "<group>";
		};
		8990265B2867458300F99AC9 /* Nested Views */ = {
			isa = PBXGroup;
			children = (
				8990265C286745A200F99AC9 /* MyViewType.swift */,
				8990265E2867461E00F99AC9 /* NestedViewsPreference.swift */,
				899026602867476E00F99AC9 /* NestedFormField.swift */,
				899026622867488E00F99AC9 /* NestedContentView.swift */,
				8990266428674B2000F99AC9 /* MiniMap.swift */,
			);
			path = "Nested Views";
			sourceTree = "<group>";
		};
/* End PBXGroup section */

/* Begin PBXNativeTarget section */
		8969A7D42866F2D900B478C6 /* PrefKeyTests */ = {
			isa = PBXNativeTarget;
			buildConfigurationList = 8969A7F92866F2DC00B478C6 /* Build configuration list for PBXNativeTarget "PrefKeyTests" */;
			buildPhases = (
				8969A7D12866F2D900B478C6 /* Sources */,
				8969A7D22866F2D900B478C6 /* Frameworks */,
				8969A7D32866F2D900B478C6 /* Resources */,
			);
			buildRules = (
			);
			dependencies = (
			);
			name = PrefKeyTests;
			productName = PrefKeyTests;
			productReference = 8969A7D52866F2D900B478C6 /* PrefKeyTests.app */;
			productType = "com.apple.product-type.application";
		};
		8969A7E42866F2DC00B478C6 /* PrefKeyTestsTests */ = {
			isa = PBXNativeTarget;
			buildConfigurationList = 8969A7FC2866F2DC00B478C6 /* Build configuration list for PBXNativeTarget "PrefKeyTestsTests" */;
			buildPhases = (
				8969A7E12866F2DC00B478C6 /* Sources */,
				8969A7E22866F2DC00B478C6 /* Frameworks */,
				8969A7E32866F2DC00B478C6 /* Resources */,
			);
			buildRules = (
			);
			dependencies = (
				8969A7E72866F2DC00B478C6 /* PBXTargetDependency */,
			);
			name = PrefKeyTestsTests;
			productName = PrefKeyTestsTests;
			productReference = 8969A7E52866F2DC00B478C6 /* PrefKeyTestsTests.xctest */;
			productType = "com.apple.product-type.bundle.unit-test";
		};
		8969A7EE2866F2DC00B478C6 /* PrefKeyTestsUITests */ = {
			isa = PBXNativeTarget;
			buildConfigurationList = 8969A7FF2866F2DC00B478C6 /* Build configuration list for PBXNativeTarget "PrefKeyTestsUITests" */;
			buildPhases = (
				8969A7EB2866F2DC00B478C6 /* Sources */,
				8969A7EC2866F2DC00B478C6 /* Frameworks */,
				8969A7ED2866F2DC00B478C6 /* Resources */,
			);
			buildRules = (
			);
			dependencies = (
				8969A7F12866F2DC00B478C6 /* PBXTargetDependency */,
			);
			name = PrefKeyTestsUITests;
			productName = PrefKeyTestsUITests;
			productReference = 8969A7EF2866F2DC00B478C6 /* PrefKeyTestsUITests.xctest */;
			productType = "com.apple.product-type.bundle.ui-testing";
		};
/* End PBXNativeTarget section */

/* Begin PBXProject section */
		8969A7CD2866F2D900B478C6 /* Project object */ = {
			isa = PBXProject;
			attributes = {
				BuildIndependentTargetsInParallel = 1;
				LastSwiftUpdateCheck = 1400;
				LastUpgradeCheck = 1400;
				TargetAttributes = {
					8969A7D42866F2D900B478C6 = {
						CreatedOnToolsVersion = 14.0;
					};
					8969A7E42866F2DC00B478C6 = {
						CreatedOnToolsVersion = 14.0;
						TestTargetID = 8969A7D42866F2D900B478C6;
					};
					8969A7EE2866F2DC00B478C6 = {
						CreatedOnToolsVersion = 14.0;
						TestTargetID = 8969A7D42866F2D900B478C6;
					};
				};
			};
			buildConfigurationList = 8969A7D02866F2D900B478C6 /* Build configuration list for PBXProject "PrefKeyTests" */;
			compatibilityVersion = "Xcode 14.0";
			developmentRegion = en;
			hasScannedForEncodings = 0;
			knownRegions = (
				en,
				Base,
			);
			mainGroup = 8969A7CC2866F2D900B478C6;
			productRefGroup = 8969A7D62866F2D900B478C6 /* Products */;
			projectDirPath = "";
			projectRoot = "";
			targets = (
				8969A7D42866F2D900B478C6 /* PrefKeyTests */,
				8969A7E42866F2DC00B478C6 /* PrefKeyTestsTests */,
				8969A7EE2866F2DC00B478C6 /* PrefKeyTestsUITests */,
			);
		};
/* End PBXProject section */

/* Begin PBXResourcesBuildPhase section */
		8969A7D32866F2D900B478C6 /* Resources */ = {
			isa = PBXResourcesBuildPhase;
			buildActionMask = 2147483647;
			files = (
				8969A7E02866F2DB00B478C6 /* Preview Assets.xcassets in Resources */,
				8969A7DD2866F2DB00B478C6 /* Assets.xcassets in Resources */,
			);
			runOnlyForDeploymentPostprocessing = 0;
		};
		8969A7E32866F2DC00B478C6 /* Resources */ = {
			isa = PBXResourcesBuildPhase;
			buildActionMask = 2147483647;
			files = (
			);
			runOnlyForDeploymentPostprocessing = 0;
		};
		8969A7ED2866F2DC00B478C6 /* Resources */ = {
			isa = PBXResourcesBuildPhase;
			buildActionMask = 2147483647;
			files = (
			);
			runOnlyForDeploymentPostprocessing = 0;
		};
/* End PBXResourcesBuildPhase section */

/* Begin PBXSourcesBuildPhase section */
		8969A7D12866F2D900B478C6 /* Sources */ = {
			isa = PBXSourcesBuildPhase;
			buildActionMask = 2147483647;
			files = (
				8969A7DB2866F2D900B478C6 /* ContentView.swift in Sources */,
				8990265F2867461E00F99AC9 /* NestedViewsPreference.swift in Sources */,
				899026632867488E00F99AC9 /* NestedContentView.swift in Sources */,
				8990266528674B2000F99AC9 /* MiniMap.swift in Sources */,
				8969A7D92866F2D900B478C6 /* PrefKeyTestsApp.swift in Sources */,
				899026612867476E00F99AC9 /* NestedFormField.swift in Sources */,
				8990265D286745A200F99AC9 /* MyViewType.swift in Sources */,
				8969A8032866F9E500B478C6 /* MyTextPreferenceData.swift in Sources */,
			);
			runOnlyForDeploymentPostprocessing = 0;
		};
		8969A7E12866F2DC00B478C6 /* Sources */ = {
			isa = PBXSourcesBuildPhase;
			buildActionMask = 2147483647;
			files = (
				8969A7EA2866F2DC00B478C6 /* PrefKeyTestsTests.swift in Sources */,
			);
			runOnlyForDeploymentPostprocessing = 0;
		};
		8969A7EB2866F2DC00B478C6 /* Sources */ = {
			isa = PBXSourcesBuildPhase;
			buildActionMask = 2147483647;
			files = (
				8969A7F42866F2DC00B478C6 /* PrefKeyTestsUITests.swift in Sources */,
				8969A7F62866F2DC00B478C6 /* PrefKeyTestsUITestsLaunchTests.swift in Sources */,
			);
			runOnlyForDeploymentPostprocessing = 0;
		};
/* End PBXSourcesBuildPhase section */

/* Begin PBXTargetDependency section */
		8969A7E72866F2DC00B478C6 /* PBXTargetDependency */ = {
			isa = PBXTargetDependency;
			target = 8969A7D42866F2D900B478C6 /* PrefKeyTests */;
			targetProxy = 8969A7E62866F2DC00B478C6 /* PBXContainerItemProxy */;
		};
		8969A7F12866F2DC00B478C6 /* PBXTargetDependency */ = {
			isa = PBXTargetDependency;
			target = 8969A7D42866F2D900B478C6 /* PrefKeyTests */;
			targetProxy = 8969A7F02866F2DC00B478C6 /* PBXContainerItemProxy */;
		};
/* End PBXTargetDependency section */

/* Begin XCBuildConfiguration section */
		8969A7F72866F2DC00B478C6 /* Debug */ = {
			isa = XCBuildConfiguration;
			buildSettings = {
				ALWAYS_SEARCH_USER_PATHS = NO;
				CLANG_ANALYZER_NONNULL = YES;
				CLANG_ANALYZER_NUMBER_OBJECT_CONVERSION = YES_AGGRESSIVE;
				CLANG_CXX_LANGUAGE_STANDARD = "gnu++17";
				CLANG_ENABLE_MODULES = YES;
				CLANG_ENABLE_OBJC_ARC = YES;
				CLANG_ENABLE_OBJC_WEAK = YES;
				CLANG_WARN_BLOCK_CAPTURE_AUTORELEASING = YES;
				CLANG_WARN_BOOL_CONVERSION = YES;
				CLANG_WARN_COMMA = YES;
				CLANG_WARN_CONSTANT_CONVERSION = YES;
				CLANG_WARN_DEPRECATED_OBJC_IMPLEMENTATIONS = YES;
				CLANG_WARN_DIRECT_OBJC_ISA_USAGE = YES_ERROR;
				CLANG_WARN_DOCUMENTATION_COMMENTS = YES;
				CLANG_WARN_EMPTY_BODY = YES;
				CLANG_WARN_ENUM_CONVERSION = YES;
				CLANG_WARN_INFINITE_RECURSION = YES;
				CLANG_WARN_INT_CONVERSION = YES;
				CLANG_WARN_NON_LITERAL_NULL_CONVERSION = YES;
				CLANG_WARN_OBJC_IMPLICIT_RETAIN_SELF = YES;
				CLANG_WARN_OBJC_LITERAL_CONVERSION = YES;
				CLANG_WARN_OBJC_ROOT_CLASS = YES_ERROR;
				CLANG_WARN_QUOTED_INCLUDE_IN_FRAMEWORK_HEADER = YES;
				CLANG_WARN_RANGE_LOOP_ANALYSIS = YES;
				CLANG_WARN_STRICT_PROTOTYPES = YES;
				CLANG_WARN_SUSPICIOUS_MOVE = YES;
				CLANG_WARN_UNGUARDED_AVAILABILITY = YES_AGGRESSIVE;
				CLANG_WARN_UNREACHABLE_CODE = YES;
				CLANG_WARN__DUPLICATE_METHOD_MATCH = YES;
				COPY_PHASE_STRIP = NO;
				DEBUG_INFORMATION_FORMAT = dwarf;
				ENABLE_STRICT_OBJC_MSGSEND = YES;
				ENABLE_TESTABILITY = YES;
				GCC_C_LANGUAGE_STANDARD = gnu11;
				GCC_DYNAMIC_NO_PIC = NO;
				GCC_NO_COMMON_BLOCKS = YES;
				GCC_OPTIMIZATION_LEVEL = 0;
				GCC_PREPROCESSOR_DEFINITIONS = (
					"DEBUG=1",
					"$(inherited)",
				);
				GCC_WARN_64_TO_32_BIT_CONVERSION = YES;
				GCC_WARN_ABOUT_RETURN_TYPE = YES_ERROR;
				GCC_WARN_UNDECLARED_SELECTOR = YES;
				GCC_WARN_UNINITIALIZED_AUTOS = YES_AGGRESSIVE;
				GCC_WARN_UNUSED_FUNCTION = YES;
				GCC_WARN_UNUSED_VARIABLE = YES;
				IPHONEOS_DEPLOYMENT_TARGET = 16.0;
				MTL_ENABLE_DEBUG_INFO = INCLUDE_SOURCE;
				MTL_FAST_MATH = YES;
				ONLY_ACTIVE_ARCH = YES;
				SDKROOT = iphoneos;
				SWIFT_ACTIVE_COMPILATION_CONDITIONS = DEBUG;
				SWIFT_OPTIMIZATION_LEVEL = "-Onone";
			};
			name = Debug;
		};
		8969A7F82866F2DC00B478C6 /* Release */ = {
			isa = XCBuildConfiguration;
			buildSettings = {
				ALWAYS_SEARCH_USER_PATHS = NO;
				CLANG_ANALYZER_NONNULL = YES;
				CLANG_ANALYZER_NUMBER_OBJECT_CONVERSION = YES_AGGRESSIVE;
				CLANG_CXX_LANGUAGE_STANDARD = "gnu++17";
				CLANG_ENABLE_MODULES = YES;
				CLANG_ENABLE_OBJC_ARC = YES;
				CLANG_ENABLE_OBJC_WEAK = YES;
				CLANG_WARN_BLOCK_CAPTURE_AUTORELEASING = YES;
				CLANG_WARN_BOOL_CONVERSION = YES;
				CLANG_WARN_COMMA = YES;
				CLANG_WARN_CONSTANT_CONVERSION = YES;
				CLANG_WARN_DEPRECATED_OBJC_IMPLEMENTATIONS = YES;
				CLANG_WARN_DIRECT_OBJC_ISA_USAGE = YES_ERROR;
				CLANG_WARN_DOCUMENTATION_COMMENTS = YES;
				CLANG_WARN_EMPTY_BODY = YES;
				CLANG_WARN_ENUM_CONVERSION = YES;
				CLANG_WARN_INFINITE_RECURSION = YES;
				CLANG_WARN_INT_CONVERSION = YES;
				CLANG_WARN_NON_LITERAL_NULL_CONVERSION = YES;
				CLANG_WARN_OBJC_IMPLICIT_RETAIN_SELF = YES;
				CLANG_WARN_OBJC_LITERAL_CONVERSION = YES;
				CLANG_WARN_OBJC_ROOT_CLASS = YES_ERROR;
				CLANG_WARN_QUOTED_INCLUDE_IN_FRAMEWORK_HEADER = YES;
				CLANG_WARN_RANGE_LOOP_ANALYSIS = YES;
				CLANG_WARN_STRICT_PROTOTYPES = YES;
				CLANG_WARN_SUSPICIOUS_MOVE = YES;
				CLANG_WARN_UNGUARDED_AVAILABILITY = YES_AGGRESSIVE;
				CLANG_WARN_UNREACHABLE_CODE = YES;
				CLANG_WARN__DUPLICATE_METHOD_MATCH = YES;
				COPY_PHASE_STRIP = NO;
				DEBUG_INFORMATION_FORMAT = "dwarf-with-dsym";
				ENABLE_NS_ASSERTIONS = NO;
				ENABLE_STRICT_OBJC_MSGSEND = YES;
				GCC_C_LANGUAGE_STANDARD = gnu11;
				GCC_NO_COMMON_BLOCKS = YES;
				GCC_WARN_64_TO_32_BIT_CONVERSION = YES;
				GCC_WARN_ABOUT_RETURN_TYPE = YES_ERROR;
				GCC_WARN_UNDECLARED_SELECTOR = YES;
				GCC_WARN_UNINITIALIZED_AUTOS = YES_AGGRESSIVE;
				GCC_WARN_UNUSED_FUNCTION = YES;
				GCC_WARN_UNUSED_VARIABLE = YES;
				IPHONEOS_DEPLOYMENT_TARGET = 16.0;
				MTL_ENABLE_DEBUG_INFO = NO;
				MTL_FAST_MATH = YES;
				SDKROOT = iphoneos;
				SWIFT_COMPILATION_MODE = wholemodule;
				SWIFT_OPTIMIZATION_LEVEL = "-O";
				VALIDATE_PRODUCT = YES;
			};
			name = Release;
		};
		8969A7FA2866F2DC00B478C6 /* Debug */ = {
			isa = XCBuildConfiguration;
			buildSettings = {
				ASSETCATALOG_COMPILER_APPICON_NAME = AppIcon;
				ASSETCATALOG_COMPILER_GLOBAL_ACCENT_COLOR_NAME = AccentColor;
				CODE_SIGN_STYLE = Automatic;
				CURRENT_PROJECT_VERSION = 1;
				DEVELOPMENT_ASSET_PATHS = "\"PrefKeyTests/Preview Content\"";
				DEVELOPMENT_TEAM = 54893W6U2X;
				ENABLE_PREVIEWS = YES;
				GENERATE_INFOPLIST_FILE = YES;
				INFOPLIST_KEY_UIApplicationSceneManifest_Generation = YES;
				INFOPLIST_KEY_UIApplicationSupportsIndirectInputEvents = YES;
				INFOPLIST_KEY_UILaunchScreen_Generation = YES;
				INFOPLIST_KEY_UISupportedInterfaceOrientations_iPad = "UIInterfaceOrientationPortrait UIInterfaceOrientationPortraitUpsideDown UIInterfaceOrientationLandscapeLeft UIInterfaceOrientationLandscapeRight";
				INFOPLIST_KEY_UISupportedInterfaceOrientations_iPhone = "UIInterfaceOrientationPortrait UIInterfaceOrientationLandscapeLeft UIInterfaceOrientationLandscapeRight";
				LD_RUNPATH_SEARCH_PATHS = (
					"$(inherited)",
					"@executable_path/Frameworks",
				);
				MARKETING_VERSION = 1.0;
				PRODUCT_BUNDLE_IDENTIFIER = com.mtaleiko.PrefKeyTests;
				PRODUCT_NAME = "$(TARGET_NAME)";
				SWIFT_EMIT_LOC_STRINGS = YES;
				SWIFT_VERSION = 5.0;
				TARGETED_DEVICE_FAMILY = "1,2";
			};
			name = Debug;
		};
		8969A7FB2866F2DC00B478C6 /* Release */ = {
			isa = XCBuildConfiguration;
			buildSettings = {
				ASSETCATALOG_COMPILER_APPICON_NAME = AppIcon;
				ASSETCATALOG_COMPILER_GLOBAL_ACCENT_COLOR_NAME = AccentColor;
				CODE_SIGN_STYLE = Automatic;
				CURRENT_PROJECT_VERSION = 1;
				DEVELOPMENT_ASSET_PATHS = "\"PrefKeyTests/Preview Content\"";
				DEVELOPMENT_TEAM = 54893W6U2X;
				ENABLE_PREVIEWS = YES;
				GENERATE_INFOPLIST_FILE = YES;
				INFOPLIST_KEY_UIApplicationSceneManifest_Generation = YES;
				INFOPLIST_KEY_UIApplicationSupportsIndirectInputEvents = YES;
				INFOPLIST_KEY_UILaunchScreen_Generation = YES;
				INFOPLIST_KEY_UISupportedInterfaceOrientations_iPad = "UIInterfaceOrientationPortrait UIInterfaceOrientationPortraitUpsideDown UIInterfaceOrientationLandscapeLeft UIInterfaceOrientationLandscapeRight";
				INFOPLIST_KEY_UISupportedInterfaceOrientations_iPhone = "UIInterfaceOrientationPortrait UIInterfaceOrientationLandscapeLeft UIInterfaceOrientationLandscapeRight";
				LD_RUNPATH_SEARCH_PATHS = (
					"$(inherited)",
					"@executable_path/Frameworks",
				);
				MARKETING_VERSION = 1.0;
				PRODUCT_BUNDLE_IDENTIFIER = com.mtaleiko.PrefKeyTests;
				PRODUCT_NAME = "$(TARGET_NAME)";
				SWIFT_EMIT_LOC_STRINGS = YES;
				SWIFT_VERSION = 5.0;
				TARGETED_DEVICE_FAMILY = "1,2";
			};
			name = Release;
		};
		8969A7FD2866F2DC00B478C6 /* Debug */ = {
			isa = XCBuildConfiguration;
			buildSettings = {
				ALWAYS_EMBED_SWIFT_STANDARD_LIBRARIES = YES;
				BUNDLE_LOADER = "$(TEST_HOST)";
				CODE_SIGN_STYLE = Automatic;
				CURRENT_PROJECT_VERSION = 1;
				DEVELOPMENT_TEAM = 54893W6U2X;
				GENERATE_INFOPLIST_FILE = YES;
				IPHONEOS_DEPLOYMENT_TARGET = 16.0;
				MARKETING_VERSION = 1.0;
				PRODUCT_BUNDLE_IDENTIFIER = com.mtaleiko.PrefKeyTestsTests;
				PRODUCT_NAME = "$(TARGET_NAME)";
				SWIFT_EMIT_LOC_STRINGS = NO;
				SWIFT_VERSION = 5.0;
				TARGETED_DEVICE_FAMILY = "1,2";
				TEST_HOST = "$(BUILT_PRODUCTS_DIR)/PrefKeyTests.app/$(BUNDLE_EXECUTABLE_FOLDER_PATH)/PrefKeyTests";
			};
			name = Debug;
		};
		8969A7FE2866F2DC00B478C6 /* Release */ = {
			isa = XCBuildConfiguration;
			buildSettings = {
				ALWAYS_EMBED_SWIFT_STANDARD_LIBRARIES = YES;
				BUNDLE_LOADER = "$(TEST_HOST)";
				CODE_SIGN_STYLE = Automatic;
				CURRENT_PROJECT_VERSION = 1;
				DEVELOPMENT_TEAM = 54893W6U2X;
				GENERATE_INFOPLIST_FILE = YES;
				IPHONEOS_DEPLOYMENT_TARGET = 16.0;
				MARKETING_VERSION = 1.0;
				PRODUCT_BUNDLE_IDENTIFIER = com.mtaleiko.PrefKeyTestsTests;
				PRODUCT_NAME = "$(TARGET_NAME)";
				SWIFT_EMIT_LOC_STRINGS = NO;
				SWIFT_VERSION = 5.0;
				TARGETED_DEVICE_FAMILY = "1,2";
				TEST_HOST = "$(BUILT_PRODUCTS_DIR)/PrefKeyTests.app/$(BUNDLE_EXECUTABLE_FOLDER_PATH)/PrefKeyTests";
			};
			name = Release;
		};
		8969A8002866F2DC00B478C6 /* Debug */ = {
			isa = XCBuildConfiguration;
			buildSettings = {
				ALWAYS_EMBED_SWIFT_STANDARD_LIBRARIES = YES;
				CODE_SIGN_STYLE = Automatic;
				CURRENT_PROJECT_VERSION = 1;
				DEVELOPMENT_TEAM = 54893W6U2X;
				GENERATE_INFOPLIST_FILE = YES;
				MARKETING_VERSION = 1.0;
				PRODUCT_BUNDLE_IDENTIFIER = com.mtaleiko.PrefKeyTestsUITests;
				PRODUCT_NAME = "$(TARGET_NAME)";
				SWIFT_EMIT_LOC_STRINGS = NO;
				SWIFT_VERSION = 5.0;
				TARGETED_DEVICE_FAMILY = "1,2";
				TEST_TARGET_NAME = PrefKeyTests;
			};
			name = Debug;
		};
		8969A8012866F2DC00B478C6 /* Release */ = {
			isa = XCBuildConfiguration;
			buildSettings = {
				ALWAYS_EMBED_SWIFT_STANDARD_LIBRARIES = YES;
				CODE_SIGN_STYLE = Automatic;
				CURRENT_PROJECT_VERSION = 1;
				DEVELOPMENT_TEAM = 54893W6U2X;
				GENERATE_INFOPLIST_FILE = YES;
				MARKETING_VERSION = 1.0;
				PRODUCT_BUNDLE_IDENTIFIER = com.mtaleiko.PrefKeyTestsUITests;
				PRODUCT_NAME = "$(TARGET_NAME)";
				SWIFT_EMIT_LOC_STRINGS = NO;
				SWIFT_VERSION = 5.0;
				TARGETED_DEVICE_FAMILY = "1,2";
				TEST_TARGET_NAME = PrefKeyTests;
			};
			name = Release;
		};
/* End XCBuildConfiguration section */

/* Begin XCConfigurationList section */
		8969A7D02866F2D900B478C6 /* Build configuration list for PBXProject "PrefKeyTests" */ = {
			isa = XCConfigurationList;
			buildConfigurations = (
				8969A7F72866F2DC00B478C6 /* Debug */,
				8969A7F82866F2DC00B478C6 /* Release */,
			);
			defaultConfigurationIsVisible = 0;
			defaultConfigurationName = Release;
		};
		8969A7F92866F2DC00B478C6 /* Build configuration list for PBXNativeTarget "PrefKeyTests" */ = {
			isa = XCConfigurationList;
			buildConfigurations = (
				8969A7FA2866F2DC00B478C6 /* Debug */,
				8969A7FB2866F2DC00B478C6 /* Release */,
			);
			defaultConfigurationIsVisible = 0;
			defaultConfigurationName = Release;
		};
		8969A7FC2866F2DC00B478C6 /* Build configuration list for PBXNativeTarget "PrefKeyTestsTests" */ = {
			isa = XCConfigurationList;
			buildConfigurations = (
				8969A7FD2866F2DC00B478C6 /* Debug */,
				8969A7FE2866F2DC00B478C6 /* Release */,
			);
			defaultConfigurationIsVisible = 0;
			defaultConfigurationName = Release;
		};
		8969A7FF2866F2DC00B478C6 /* Build configuration list for PBXNativeTarget "PrefKeyTestsUITests" */ = {
			isa = XCConfigurationList;
			buildConfigurations = (
				8969A8002866F2DC00B478C6 /* Debug */,
				8969A8012866F2DC00B478C6 /* Release */,
			);
			defaultConfigurationIsVisible = 0;
			defaultConfigurationName = Release;
		};
/* End XCConfigurationList section */
	};
	rootObject = 8969A7CD2866F2D900B478C6 /* Project object */;
}
